{
  "version": 4,
  "terraform_version": "1.11.4",
  "serial": 507,
  "lineage": "2aa4247e-1e75-f7d6-ea4b-9f27e0fa6259",
  "outputs": {},
  "resources": [
    {
      "module": "module.grafana",
      "mode": "managed",
      "type": "aws_iam_instance_profile",
      "name": "grafana_profile",
      "provider": "provider[\"registry.terraform.io/hashicorp/aws\"]",
      "instances": [
        {
          "schema_version": 0,
          "attributes": {
            "arn": "arn:aws:iam::194722415187:instance-profile/grafana-instance-profile",
            "create_date": "2026-03-03T13:36:37Z",
            "id": "grafana-instance-profile",
            "name": "grafana-instance-profile",
            "name_prefix": "",
            "path": "/",
            "role": "grafana-cloudwatch-role",
            "tags": {},
            "tags_all": {},
            "unique_id": "AIPAS2VS4IJJZISK4JHOA"
          },
          "sensitive_attributes": [],
          "private": "bnVsbA==",
          "dependencies": [
            "module.grafana.aws_iam_role.grafana_role"
          ]
        }
      ]
    },
    {
      "module": "module.grafana",
      "mode": "managed",
      "type": "aws_iam_role",
      "name": "grafana_role",
      "provider": "provider[\"registry.terraform.io/hashicorp/aws\"]",
      "instances": [
        {
          "schema_version": 0,
          "attributes": {
            "arn": "arn:aws:iam::194722415187:role/grafana-cloudwatch-role",
            "assume_role_policy": "{\"Statement\":[{\"Action\":\"sts:AssumeRole\",\"Effect\":\"Allow\",\"Principal\":{\"Service\":\"ec2.amazonaws.com\"}}],\"Version\":\"2012-10-17\"}",
            "create_date": "2026-03-03T13:36:36Z",
            "description": "",
            "force_detach_policies": false,
            "id": "grafana-cloudwatch-role",
            "inline_policy": [],
            "managed_policy_arns": [
              "arn:aws:iam::aws:policy/CloudWatchReadOnlyAccess"
            ],
            "max_session_duration": 3600,
            "name": "grafana-cloudwatch-role",
            "name_prefix": "",
            "path": "/",
            "permissions_boundary": "",
            "tags": {},
            "tags_all": {},
            "unique_id": "AROAS2VS4IJJZKTLRCK7L"
          },
          "sensitive_attributes": [],
          "private": "bnVsbA=="
        }
      ]
    },
    {
      "module": "module.grafana",
      "mode": "managed",
      "type": "aws_instance",
      "name": "grafana",
      "provider": "provider[\"registry.terraform.io/hashicorp/aws\"]",
      "instances": [
        {
          "schema_version": 1,
          "attributes": {
            "ami": "ami-051a31ab2f4d498f5",
            "arn": "arn:aws:ec2:ap-south-1:194722415187:instance/i-0ca720118b07ac0d5",
            "associate_public_ip_address": true,
            "availability_zone": "ap-south-1a",
            "capacity_reservation_specification": [
              {
                "capacity_reservation_preference": "open",
                "capacity_reservation_target": []
              }
            ],
            "cpu_core_count": 1,
            "cpu_options": [
              {
                "amd_sev_snp": "",
                "core_count": 1,
                "threads_per_core": 2
              }
            ],
            "cpu_threads_per_core": 2,
            "credit_specification": [
              {
                "cpu_credits": "unlimited"
              }
            ],
            "disable_api_stop": false,
            "disable_api_termination": false,
            "ebs_block_device": [],
            "ebs_optimized": false,
            "enable_primary_ipv6": null,
            "enclave_options": [
              {
                "enabled": false
              }
            ],
            "ephemeral_block_device": [],
            "get_password_data": false,
            "hibernation": false,
            "host_id": "",
            "host_resource_group_arn": null,
            "iam_instance_profile": "grafana-instance-profile",
            "id": "i-0ca720118b07ac0d5",
            "instance_initiated_shutdown_behavior": "stop",
            "instance_lifecycle": "",
            "instance_market_options": [],
            "instance_state": "running",
            "instance_type": "t3.micro",
            "ipv6_address_count": 0,
            "ipv6_addresses": [],
            "key_name": "",
            "launch_template": [],
            "maintenance_options": [
              {
                "auto_recovery": "default"
              }
            ],
            "metadata_options": [
              {
                "http_endpoint": "enabled",
                "http_protocol_ipv6": "disabled",
                "http_put_response_hop_limit": 2,
                "http_tokens": "required",
                "instance_metadata_tags": "disabled"
              }
            ],
            "monitoring": false,
            "network_interface": [],
            "outpost_arn": "",
            "password_data": "",
            "placement_group": "",
            "placement_partition_number": 0,
            "primary_network_interface_id": "eni-0d74ff300d9989651",
            "private_dns": "ip-10-0-1-197.ap-south-1.compute.internal",
            "private_dns_name_options": [
              {
                "enable_resource_name_dns_a_record": false,
                "enable_resource_name_dns_aaaa_record": false,
                "hostname_type": "ip-name"
              }
            ],
            "private_ip": "10.0.1.197",
            "public_dns": "ec2-13-201-3-103.ap-south-1.compute.amazonaws.com",
            "public_ip": "13.201.3.103",
            "root_block_device": [
              {
                "delete_on_termination": true,
                "device_name": "/dev/xvda",
                "encrypted": false,
                "iops": 3000,
                "kms_key_id": "",
                "tags": {},
                "tags_all": {},
                "throughput": 125,
                "volume_id": "vol-098d5616a7c5d3cb1",
                "volume_size": 8,
                "volume_type": "gp3"
              }
            ],
            "secondary_private_ips": [],
            "security_groups": [],
            "source_dest_check": true,
            "spot_instance_request_id": "",
            "subnet_id": "subnet-088efc953406906f1",
            "tags": {
              "Name": "Grafana-Server"
            },
            "tags_all": {
              "Name": "Grafana-Server"
            },
            "tenancy": "default",
            "timeouts": null,
            "user_data": "2723e3a65dfe1b495e61146f7e8bfb91cb5930cc",
            "user_data_base64": null,
            "user_data_replace_on_change": false,
            "volume_tags": null,
            "vpc_security_group_ids": [
              "sg-05c98f4a549b0213f"
            ]
          },
          "sensitive_attributes": [],
          "private": "eyJlMmJmYjczMC1lY2FhLTExZTYtOGY4OC0zNDM2M2JjN2M0YzAiOnsiY3JlYXRlIjo2MDAwMDAwMDAwMDAsImRlbGV0ZSI6MTIwMDAwMDAwMDAwMCwicmVhZCI6OTAwMDAwMDAwMDAwLCJ1cGRhdGUiOjYwMDAwMDAwMDAwMH0sInNjaGVtYV92ZXJzaW9uIjoiMSJ9",
          "dependencies": [
            "module.grafana.aws_iam_instance_profile.grafana_profile",
            "module.grafana.aws_iam_role.grafana_role",
            "module.vpc.aws_security_group.main",
            "module.vpc.aws_subnet.public",
            "module.vpc.aws_vpc.main"
          ]
        }
      ]
    },
    {
      "module": "module.grafana",
      "mode": "managed",
      "type": "grafana_dashboard",
      "name": "ec2_dashboard",
      "provider": "module.grafana.provider[\"registry.terraform.io/grafana/grafana\"]",
      "instances": [
        {
          "schema_version": 1,
          "attributes": {
            "config_json": "{\"annotations\":{\"list\":[{\"builtIn\":1,\"datasource\":{\"type\":\"grafana\",\"uid\":\"-- Grafana --\"},\"enable\":true,\"hide\":true,\"iconColor\":\"rgba(0, 211, 255, 1)\",\"name\":\"Annotations \\u0026 Alerts\",\"type\":\"dashboard\"}]},\"editable\":true,\"fiscalYearStartMonth\":0,\"graphTooltip\":0,\"links\":[],\"panels\":[{\"datasource\":{\"type\":\"cloudwatch\",\"uid\":\"efewruzmn7gu8e\"},\"fieldConfig\":{\"defaults\":{\"color\":{\"mode\":\"palette-classic\"},\"custom\":{\"axisBorderShow\":false,\"axisCenteredZero\":false,\"axisColorMode\":\"text\",\"axisLabel\":\"\",\"axisPlacement\":\"auto\",\"barAlignment\":0,\"barWidthFactor\":0.6,\"drawStyle\":\"line\",\"fillOpacity\":0,\"gradientMode\":\"none\",\"hideFrom\":{\"legend\":false,\"tooltip\":false,\"viz\":false},\"insertNulls\":false,\"lineInterpolation\":\"linear\",\"lineWidth\":1,\"pointSize\":5,\"scaleDistribution\":{\"type\":\"linear\"},\"showPoints\":\"auto\",\"showValues\":false,\"spanNulls\":false,\"stacking\":{\"group\":\"A\",\"mode\":\"none\"},\"thresholdsStyle\":{\"mode\":\"off\"}},\"mappings\":[],\"thresholds\":{\"mode\":\"absolute\",\"steps\":[{\"color\":\"green\",\"value\":0},{\"color\":\"red\",\"value\":80}]}},\"overrides\":[]},\"gridPos\":{\"h\":8,\"w\":12,\"x\":0,\"y\":0},\"options\":{\"legend\":{\"calcs\":[],\"displayMode\":\"list\",\"placement\":\"bottom\",\"showLegend\":true},\"tooltip\":{\"hideZeros\":false,\"mode\":\"single\",\"sort\":\"none\"}},\"pluginVersion\":\"12.4.0\",\"targets\":[{\"alias\":\"\",\"datasource\":{\"type\":\"cloudwatch\",\"uid\":\"efewruzmn7gu8e\"},\"dimensions\":{\"InstanceId\":\"i-0ca720118b07ac0d5\"},\"expression\":\"\",\"id\":\"\",\"label\":\"\",\"metricEditorMode\":0,\"metricName\":\"CPUUtilization\",\"metricQueryType\":0,\"namespace\":\"AWS/EC2\",\"period\":\"300\",\"queryMode\":\"Metrics\",\"refId\":\"A\",\"region\":\"ap-south-1\",\"sqlExpression\":\"\",\"statistic\":\"Average\"}],\"title\":\"New Panel\",\"type\":\"timeseries\"},{\"datasource\":{\"type\":\"cloudwatch\",\"uid\":\"efewruzmn7gu8e\"},\"fieldConfig\":{\"defaults\":{\"color\":{\"mode\":\"palette-classic\"},\"custom\":{\"axisBorderShow\":false,\"axisCenteredZero\":false,\"axisColorMode\":\"text\",\"axisLabel\":\"\",\"axisPlacement\":\"auto\",\"barAlignment\":0,\"barWidthFactor\":0.6,\"drawStyle\":\"line\",\"fillOpacity\":0,\"gradientMode\":\"none\",\"hideFrom\":{\"legend\":false,\"tooltip\":false,\"viz\":false},\"insertNulls\":false,\"lineInterpolation\":\"linear\",\"lineWidth\":1,\"pointSize\":5,\"scaleDistribution\":{\"type\":\"linear\"},\"showPoints\":\"auto\",\"showValues\":false,\"spanNulls\":false,\"stacking\":{\"group\":\"A\",\"mode\":\"none\"},\"thresholdsStyle\":{\"mode\":\"off\"}},\"mappings\":[],\"thresholds\":{\"mode\":\"absolute\",\"steps\":[{\"color\":\"green\",\"value\":0},{\"color\":\"red\",\"value\":80}]}},\"overrides\":[]},\"gridPos\":{\"h\":3,\"w\":6,\"x\":0,\"y\":8},\"options\":{\"legend\":{\"calcs\":[],\"displayMode\":\"list\",\"placement\":\"bottom\",\"showLegend\":true},\"tooltip\":{\"hideZeros\":false,\"mode\":\"single\",\"sort\":\"none\"}},\"pluginVersion\":\"12.4.0\",\"targets\":[{\"datasource\":{\"type\":\"cloudwatch\",\"uid\":\"efewruzmn7gu8e\"},\"dimensions\":{\"InstanceId\":\"i-0ca720118b07ac0d5\"},\"label\":\"\",\"metricEditorMode\":0,\"metricName\":\"CPUUtilization\",\"metricQueryType\":0,\"namespace\":\"AWS/EC2\",\"period\":\"300\",\"queryMode\":\"Metrics\",\"refId\":\"A\",\"region\":\"default\",\"statistic\":\"Average\"},{\"datasource\":{\"type\":\"cloudwatch\",\"uid\":\"efewruzmn7gu8e\"},\"dimensions\":{},\"expression\":\"\",\"id\":\"\",\"label\":\"\",\"logGroups\":[],\"matchExact\":false,\"metricEditorMode\":0,\"metricName\":\"\",\"metricQueryType\":0,\"namespace\":\"\",\"period\":\"\",\"queryLanguage\":\"CWLI\",\"queryMode\":\"Metrics\",\"refId\":\"B\",\"region\":\"default\",\"sqlExpression\":\"\",\"statistic\":\"Average\"}],\"title\":\"CPU Utilization\",\"type\":\"timeseries\"},{\"datasource\":{\"type\":\"cloudwatch\",\"uid\":\"efewruzmn7gu8e\"},\"fieldConfig\":{\"defaults\":{\"color\":{\"mode\":\"palette-classic\"},\"custom\":{\"axisBorderShow\":false,\"axisCenteredZero\":false,\"axisColorMode\":\"text\",\"axisLabel\":\"\",\"axisPlacement\":\"auto\",\"barAlignment\":0,\"barWidthFactor\":0.6,\"drawStyle\":\"line\",\"fillOpacity\":0,\"gradientMode\":\"none\",\"hideFrom\":{\"legend\":false,\"tooltip\":false,\"viz\":false},\"insertNulls\":false,\"lineInterpolation\":\"linear\",\"lineWidth\":1,\"pointSize\":5,\"scaleDistribution\":{\"type\":\"linear\"},\"showPoints\":\"auto\",\"showValues\":false,\"spanNulls\":false,\"stacking\":{\"group\":\"A\",\"mode\":\"none\"},\"thresholdsStyle\":{\"mode\":\"off\"}},\"mappings\":[],\"thresholds\":{\"mode\":\"absolute\",\"steps\":[{\"color\":\"green\",\"value\":0},{\"color\":\"red\",\"value\":80}]}},\"overrides\":[]},\"gridPos\":{\"h\":3,\"w\":6,\"x\":0,\"y\":11},\"options\":{\"legend\":{\"calcs\":[],\"displayMode\":\"list\",\"placement\":\"bottom\",\"showLegend\":true},\"tooltip\":{\"hideZeros\":false,\"mode\":\"single\",\"sort\":\"none\"}},\"pluginVersion\":\"12.4.0\",\"targets\":[{\"datasource\":{\"type\":\"cloudwatch\",\"uid\":\"efewruzmn7gu8e\"},\"dimensions\":{\"InstanceID\":\"i-0ca720118b07ac0d5\"},\"label\":\"\",\"metricEditorMode\":0,\"metricName\":\"mem_used_percent\",\"metricQueryType\":0,\"namespace\":\"CWAgent\",\"period\":\"300\",\"queryMode\":\"Metrics\",\"refId\":\"A\",\"region\":\"default\",\"statistic\":\"Average\"}],\"title\":\"Memory Usage\",\"type\":\"timeseries\"}],\"preload\":false,\"refresh\":\"\",\"schemaVersion\":42,\"tags\":[],\"templating\":{\"list\":[]},\"time\":{\"from\":\"now-6h\",\"to\":\"now\"},\"timepicker\":{},\"timezone\":\"browser\",\"title\":\"EC2 Monitoring Dashboard\",\"weekStart\":\"\"}",
            "dashboard_id": 2220461711224832,
            "folder": "",
            "id": "1:9ca1aba9-d39c-4738-a6df-c11dc2577b56",
            "message": null,
            "org_id": "1",
            "overwrite": null,
            "uid": "9ca1aba9-d39c-4738-a6df-c11dc2577b56",
            "url": "http://13.201.3.103:3000/d/9ca1aba9-d39c-4738-a6df-c11dc2577b56/ec2-monitoring-dashboard",
            "version": 3
          },
          "sensitive_attributes": [],
          "private": "eyJzY2hlbWFfdmVyc2lvbiI6IjEifQ==",
          "dependencies": [
            "module.grafana.aws_iam_instance_profile.grafana_profile",
            "module.grafana.aws_iam_role.grafana_role",
            "module.grafana.aws_instance.grafana",
            "module.grafana.grafana_data_source.cloudwatch",
            "module.grafana.time_sleep.wait_for_grafana",
            "module.vpc.aws_security_group.main",
            "module.vpc.aws_subnet.public",
            "module.vpc.aws_vpc.main"
          ]
        }
      ]
    },
    {
      "module": "module.grafana",
      "mode": "managed",
      "type": "grafana_data_source",
      "name": "cloudwatch",
      "provider": "module.grafana.provider[\"registry.terraform.io/grafana/grafana\"]",
      "instances": [
        {
          "schema_version": 1,
          "attributes": {
            "access_mode": "proxy",
            "basic_auth_enabled": false,
            "basic_auth_username": "",
            "database_name": "",
            "http_headers": null,
            "id": "1:efewruzmn7gu8e",
            "is_default": true,
            "json_data_encoded": "{\"authType\":\"default\",\"defaultRegion\":\"ap-south-1\"}",
            "name": "AWS-CloudWatch",
            "org_id": "1",
            "secure_json_data_encoded": null,
            "type": "cloudwatch",
            "uid": "efewruzmn7gu8e",
            "url": "",
            "username": ""
          },
          "sensitive_attributes": [
            [
              {
                "type": "get_attr",
                "value": "secure_json_data_encoded"
              }
            ],
            [
              {
                "type": "get_attr",
                "value": "http_headers"
              }
            ]
          ],
          "private": "eyJzY2hlbWFfdmVyc2lvbiI6IjEifQ==",
          "dependencies": [
            "module.grafana.aws_iam_instance_profile.grafana_profile",
            "module.grafana.aws_iam_role.grafana_role",
            "module.grafana.aws_instance.grafana",
            "module.grafana.time_sleep.wait_for_grafana",
            "module.vpc.aws_security_group.main",
            "module.vpc.aws_subnet.public",
            "module.vpc.aws_vpc.main"
          ]
        }
      ]
    },
    {
      "module": "module.grafana",
      "mode": "managed",
      "type": "time_sleep",
      "name": "wait_for_grafana",
      "provider": "provider[\"registry.terraform.io/hashicorp/time\"]",
      "instances": [
        {
          "schema_version": 0,
          "attributes": {
            "create_duration": "240s",
            "destroy_duration": null,
            "id": "2026-03-03T13:41:14Z",
            "triggers": null
          },
          "sensitive_attributes": [],
          "dependencies": [
            "module.grafana.aws_iam_instance_profile.grafana_profile",
            "module.grafana.aws_iam_role.grafana_role",
            "module.grafana.aws_instance.grafana",
            "module.vpc.aws_security_group.main",
            "module.vpc.aws_subnet.public",
            "module.vpc.aws_vpc.main"
          ]
        }
      ]
    },
    {
      "module": "module.vpc",
      "mode": "managed",
      "type": "aws_security_group",
      "name": "main",
      "provider": "provider[\"registry.terraform.io/hashicorp/aws\"]",
      "instances": [
        {
          "schema_version": 1,
          "attributes": {
            "arn": "arn:aws:ec2:ap-south-1:194722415187:security-group/sg-05c98f4a549b0213f",
            "description": "Managed by Terraform",
            "egress": [
              {
                "cidr_blocks": [
                  "0.0.0.0/0"
                ],
                "description": "",
                "from_port": 0,
                "ipv6_cidr_blocks": [],
                "prefix_list_ids": [],
                "protocol": "-1",
                "security_groups": [],
                "self": false,
                "to_port": 0
              }
            ],
            "id": "sg-05c98f4a549b0213f",
            "ingress": [
              {
                "cidr_blocks": [
                  "0.0.0.0/0"
                ],
                "description": "Grafana",
                "from_port": 3000,
                "ipv6_cidr_blocks": [],
                "prefix_list_ids": [],
                "protocol": "tcp",
                "security_groups": [],
                "self": false,
                "to_port": 3000
              },
              {
                "cidr_blocks": [
                  "0.0.0.0/0"
                ],
                "description": "HTTP",
                "from_port": 80,
                "ipv6_cidr_blocks": [],
                "prefix_list_ids": [],
                "protocol": "tcp",
                "security_groups": [],
                "self": false,
                "to_port": 80
              },
              {
                "cidr_blocks": [
                  "0.0.0.0/0"
                ],
                "description": "Jenkins",
                "from_port": 8080,
                "ipv6_cidr_blocks": [],
                "prefix_list_ids": [],
                "protocol": "tcp",
                "security_groups": [],
                "self": false,
                "to_port": 8080
              },
              {
                "cidr_blocks": [
                  "0.0.0.0/0"
                ],
                "description": "SSH",
                "from_port": 22,
                "ipv6_cidr_blocks": [],
                "prefix_list_ids": [],
                "protocol": "tcp",
                "security_groups": [],
                "self": false,
                "to_port": 22
              }
            ],
            "name": "monitoring-sg",
            "name_prefix": "",
            "owner_id": "194722415187",
            "revoke_rules_on_delete": false,
            "tags": {
              "Name": "monitoring-sg"
            },
            "tags_all": {
              "Name": "monitoring-sg"
            },
            "timeouts": null,
            "vpc_id": "vpc-03957dcd1c2d5e45c"
          },
          "sensitive_attributes": [],
          "private": "eyJlMmJmYjczMC1lY2FhLTExZTYtOGY4OC0zNDM2M2JjN2M0YzAiOnsiY3JlYXRlIjo2MDAwMDAwMDAwMDAsImRlbGV0ZSI6OTAwMDAwMDAwMDAwfSwic2NoZW1hX3ZlcnNpb24iOiIxIn0=",
          "dependencies": [
            "module.vpc.aws_vpc.main"
          ]
        }
      ]
    },
    {
      "module": "module.vpc",
      "mode": "managed",
      "type": "aws_subnet",
      "name": "public",
      "provider": "provider[\"registry.terraform.io/hashicorp/aws\"]",
      "instances": [
        {
          "schema_version": 1,
          "attributes": {
            "arn": "arn:aws:ec2:ap-south-1:194722415187:subnet/subnet-088efc953406906f1",
            "assign_ipv6_address_on_creation": false,
            "availability_zone": "ap-south-1a",
            "availability_zone_id": "aps1-az1",
            "cidr_block": "10.0.1.0/24",
            "customer_owned_ipv4_pool": "",
            "enable_dns64": false,
            "enable_lni_at_device_index": 0,
            "enable_resource_name_dns_a_record_on_launch": false,
            "enable_resource_name_dns_aaaa_record_on_launch": false,
            "id": "subnet-088efc953406906f1",
            "ipv6_cidr_block": "",
            "ipv6_cidr_block_association_id": "",
            "ipv6_native": false,
            "map_customer_owned_ip_on_launch": false,
            "map_public_ip_on_launch": true,
            "outpost_arn": "",
            "owner_id": "194722415187",
            "private_dns_hostname_type_on_launch": "ip-name",
            "tags": {
              "Name": "public-subnet"
            },
            "tags_all": {
              "Name": "public-subnet"
            },
            "timeouts": null,
            "vpc_id": "vpc-03957dcd1c2d5e45c"
          },
          "sensitive_attributes": [],
          "private": "eyJlMmJmYjczMC1lY2FhLTExZTYtOGY4OC0zNDM2M2JjN2M0YzAiOnsiY3JlYXRlIjo2MDAwMDAwMDAwMDAsImRlbGV0ZSI6MTIwMDAwMDAwMDAwMH0sInNjaGVtYV92ZXJzaW9uIjoiMSJ9",
          "dependencies": [
            "module.vpc.aws_vpc.main"
          ]
        }
      ]
    },
    {
      "module": "module.vpc",
      "mode": "managed",
      "type": "aws_vpc",
      "name": "main",
      "provider": "provider[\"registry.terraform.io/hashicorp/aws\"]",
      "instances": [
        {
          "schema_version": 1,
          "attributes": {
            "arn": "arn:aws:ec2:ap-south-1:194722415187:vpc/vpc-03957dcd1c2d5e45c",
            "assign_generated_ipv6_cidr_block": false,
            "cidr_block": "10.0.0.0/16",
            "default_network_acl_id": "acl-0ccb446be465eb114",
            "default_route_table_id": "rtb-0bcf123bd09229a68",
            "default_security_group_id": "sg-0cd409455d24fe174",
            "dhcp_options_id": "dopt-04936fc8e4972a98a",
            "enable_dns_hostnames": true,
            "enable_dns_support": true,
            "enable_network_address_usage_metrics": false,
            "id": "vpc-03957dcd1c2d5e45c",
            "instance_tenancy": "default",
            "ipv4_ipam_pool_id": null,
            "ipv4_netmask_length": null,
            "ipv6_association_id": "",
            "ipv6_cidr_block": "",
            "ipv6_cidr_block_network_border_group": "",
            "ipv6_ipam_pool_id": "",
            "ipv6_netmask_length": 0,
            "main_route_table_id": "rtb-0bcf123bd09229a68",
            "owner_id": "194722415187",
            "tags": {
              "Name": "monitoring-vpc"
            },
            "tags_all": {
              "Name": "monitoring-vpc"
            }
          },
          "sensitive_attributes": [],
          "private": "eyJzY2hlbWFfdmVyc2lvbiI6IjEifQ=="
        }
      ]
    }
  ],
  "check_results": null
}
